
Microsoft Visual Studio Solution File, Format Version 12.00
# Visual Studio 15
VisualStudioVersion = 15.0.26430.16
MinimumVisualStudioVersion = 10.0.40219.1
Project("{FAE04EC0-301F-11D3-BF4B-00C04F79EFBC}") = "CodeBlue", "CodeBlue\CodeBlue.csproj", "{BB50ED44-3175-4B96-A68A-21BEC6D17336}"
EndProject
Project("{FAE04EC0-301F-11D3-BF4B-00C04F79EFBC}") = "CodeBlue.Tests", "CodeBlue.Tests\CodeBlue.Tests.csproj", "{A5BE0558-DCC0-4501-9A29-40B754F758DE}"
EndProject
Global
	GlobalSection(SolutionConfigurationPlatforms) = preSolution
		Debug|Any CPU = Debug|Any CPU
		Release|Any CPU = Release|Any CPU
	EndGlobalSection
	GlobalSection(ProjectConfigurationPlatforms) = postSolution
		{BB50ED44-3175-4B96-A68A-21BEC6D17336}.Debug|Any CPU.ActiveCfg = Debug|Any CPU
		{BB50ED44-3175-4B96-A68A-21BEC6D17336}.Debug|Any CPU.Build.0 = Debug|Any CPU
		{BB50ED44-3175-4B96-A68A-21BEC6D17336}.Release|Any CPU.ActiveCfg = Release|Any CPU
		{BB50ED44-3175-4B96-A68A-21BEC6D17336}.Release|Any CPU.Build.0 = Release|Any CPU
		{A5BE0558-DCC0-4501-9A29-40B754F758DE}.Debug|Any CPU.ActiveCfg = Debug|Any CPU
		{A5BE0558-DCC0-4501-9A29-40B754F758DE}.Debug|Any CPU.Build.0 = Debug|Any CPU
		{A5BE0558-DCC0-4501-9A29-40B754F758DE}.Release|Any CPU.ActiveCfg = Release|Any CPU
		{A5BE0558-DCC0-4501-9A29-40B754F758DE}.Release|Any CPU.Build.0 = Release|Any CPU
	EndGlobalSection
	GlobalSection(SolutionProperties) = preSolution
		HideSolutionNode = FALSE
	EndGlobalSection
EndGlobal
